
Microsoft Visual Studio Solution File, Format Version 12.00
# Visual Studio Version 16
VisualStudioVersion = 16.0.31321.278
MinimumVisualStudioVersion = 10.0.40219.1
Project("{00D1A9C2-B5F0-4AF3-8072-F6C62B433612}") = "AlDente.Database", "AlDente.Database\AlDente.Database.sqlproj", "{8BB0A0AD-7C9C-4199-BCB6-4AB00EE3AEFB}"
EndProject
Project("{FAE04EC0-301F-11D3-BF4B-00C04F79EFBC}") = "AlDente.UI.Web.Blazor", "AlDente.UI.Web.Blazor\AlDente.UI.Web.Blazor.csproj", "{522A9989-F917-4B2A-9966-08AC8A2544D0}"
EndProject
Global
	GlobalSection(SolutionConfigurationPlatforms) = preSolution
		Debug|Any CPU = Debug|Any CPU
		Release|Any CPU = Release|Any CPU
	EndGlobalSection
	GlobalSection(ProjectConfigurationPlatforms) = postSolution
		{8BB0A0AD-7C9C-4199-BCB6-4AB00EE3AEFB}.Debug|Any CPU.ActiveCfg = Debug|Any CPU
		{8BB0A0AD-7C9C-4199-BCB6-4AB00EE3AEFB}.Debug|Any CPU.Build.0 = Debug|Any CPU
		{8BB0A0AD-7C9C-4199-BCB6-4AB00EE3AEFB}.Debug|Any CPU.Deploy.0 = Debug|Any CPU
		{8BB0A0AD-7C9C-4199-BCB6-4AB00EE3AEFB}.Release|Any CPU.ActiveCfg = Release|Any CPU
		{8BB0A0AD-7C9C-4199-BCB6-4AB00EE3AEFB}.Release|Any CPU.Build.0 = Release|Any CPU
		{8BB0A0AD-7C9C-4199-BCB6-4AB00EE3AEFB}.Release|Any CPU.Deploy.0 = Release|Any CPU
		{522A9989-F917-4B2A-9966-08AC8A2544D0}.Debug|Any CPU.ActiveCfg = Debug|Any CPU
		{522A9989-F917-4B2A-9966-08AC8A2544D0}.Debug|Any CPU.Build.0 = Debug|Any CPU
		{522A9989-F917-4B2A-9966-08AC8A2544D0}.Release|Any CPU.ActiveCfg = Release|Any CPU
		{522A9989-F917-4B2A-9966-08AC8A2544D0}.Release|Any CPU.Build.0 = Release|Any CPU
	EndGlobalSection
	GlobalSection(SolutionProperties) = preSolution
		HideSolutionNode = FALSE
	EndGlobalSection
	GlobalSection(ExtensibilityGlobals) = postSolution
		SolutionGuid = {45A72D72-B8D8-4D0C-9109-30ADC52DB761}
	EndGlobalSection
EndGlobal
